
Microsoft Visual Studio Solution File, Format Version 12.00
# Visual Studio 15
VisualStudioVersion = 15.0.26114.2
MinimumVisualStudioVersion = 10.0.40219.1
Project("{FAE04EC0-301F-11D3-BF4B-00C04F79EFBC}") = "RandomNameGeneratorLibrary", "RandomNameGeneratorLibrary\RandomNameGeneratorLibrary.csproj", "{B07354A7-72C4-4868-8BE0-008657FB4C1B}"
EndProject
Project("{FAE04EC0-301F-11D3-BF4B-00C04F79EFBC}") = "RandomNameGeneratorUnitTests", "RandomNameGeneratorUnitTests\RandomNameGeneratorUnitTests.csproj", "{5EDCF0FF-A6D2-4519-9158-5E3F91EA73F2}"
EndProject
Global
	GlobalSection(SolutionConfigurationPlatforms) = preSolution
		Debug|Any CPU = Debug|Any CPU
		Release|Any CPU = Release|Any CPU
	EndGlobalSection
	GlobalSection(ProjectConfigurationPlatforms) = postSolution
		{B07354A7-72C4-4868-8BE0-008657FB4C1B}.Debug|Any CPU.ActiveCfg = Debug|Any CPU
		{B07354A7-72C4-4868-8BE0-008657FB4C1B}.Debug|Any CPU.Build.0 = Debug|Any CPU
		{B07354A7-72C4-4868-8BE0-008657FB4C1B}.Release|Any CPU.ActiveCfg = Release|Any CPU
		{B07354A7-72C4-4868-8BE0-008657FB4C1B}.Release|Any CPU.Build.0 = Release|Any CPU
		{5EDCF0FF-A6D2-4519-9158-5E3F91EA73F2}.Debug|Any CPU.ActiveCfg = Debug|Any CPU
		{5EDCF0FF-A6D2-4519-9158-5E3F91EA73F2}.Debug|Any CPU.Build.0 = Debug|Any CPU
		{5EDCF0FF-A6D2-4519-9158-5E3F91EA73F2}.Release|Any CPU.ActiveCfg = Release|Any CPU
		{5EDCF0FF-A6D2-4519-9158-5E3F91EA73F2}.Release|Any CPU.Build.0 = Release|Any CPU
	EndGlobalSection
	GlobalSection(SolutionProperties) = preSolution
		HideSolutionNode = FALSE
	EndGlobalSection
EndGlobal
